
Microsoft Visual Studio Solution File, Format Version 12.00
# Visual Studio Version 16
VisualStudioVersion = 16.0.31005.135
MinimumVisualStudioVersion = 10.0.40219.1
Project("{FAE04EC0-301F-11D3-BF4B-00C04F79EFBC}") = "assignment2", "assignment2\assignment2.csproj", "{F23F6505-C7C5-4FD1-82FB-2ACACB0FD1FC}"
EndProject
Global
	GlobalSection(SolutionConfigurationPlatforms) = preSolution
		Debug|Any CPU = Debug|Any CPU
		Release|Any CPU = Release|Any CPU
	EndGlobalSection
	GlobalSection(ProjectConfigurationPlatforms) = postSolution
		{F23F6505-C7C5-4FD1-82FB-2ACACB0FD1FC}.Debug|Any CPU.ActiveCfg = Debug|Any CPU
		{F23F6505-C7C5-4FD1-82FB-2ACACB0FD1FC}.Debug|Any CPU.Build.0 = Debug|Any CPU
		{F23F6505-C7C5-4FD1-82FB-2ACACB0FD1FC}.Release|Any CPU.ActiveCfg = Release|Any CPU
		{F23F6505-C7C5-4FD1-82FB-2ACACB0FD1FC}.Release|Any CPU.Build.0 = Release|Any CPU
	EndGlobalSection
	GlobalSection(SolutionProperties) = preSolution
		HideSolutionNode = FALSE
	EndGlobalSection
	GlobalSection(ExtensibilityGlobals) = postSolution
		SolutionGuid = {B2893EFA-4A00-441A-875E-B6274482E007}
	EndGlobalSection
EndGlobal
